
Microsoft Visual Studio Solution File, Format Version 12.00
# Visual Studio Version 17
VisualStudioVersion = 17.0.31903.59
MinimumVisualStudioVersion = 10.0.40219.1
Project("{FAE04EC0-301F-11D3-BF4B-00C04F79EFBC}") = "AuthService.Domain", "AuthService.Domain\AuthService.Domain.csproj", "{34EAF777-984E-4A8A-B7FD-086D2803FDB9}"
EndProject
Project("{FAE04EC0-301F-11D3-BF4B-00C04F79EFBC}") = "AuthService.Application", "AuthService.Application\AuthService.Application.csproj", "{6622C34E-B670-4FAF-8319-472E1CB73430}"
EndProject
Project("{FAE04EC0-301F-11D3-BF4B-00C04F79EFBC}") = "AuthService.Infrastructure", "AuthService.Infrastructure\AuthService.Infrastructure.csproj", "{9BAD2A8F-8459-4795-B535-971AA8FBA1EC}"
EndProject
Project("{FAE04EC0-301F-11D3-BF4B-00C04F79EFBC}") = "AuthService.API", "AuthService.API\AuthService.API.csproj", "{73558270-1F1E-406B-B063-9898672E63F9}"
	ProjectSection(ProjectDependencies) = postProject
		{34EAF777-984E-4A8A-B7FD-086D2803FDB9} = {34EAF777-984E-4A8A-B7FD-086D2803FDB9}
	EndProjectSection
EndProject
Global
	GlobalSection(SolutionConfigurationPlatforms) = preSolution
		Debug|Any CPU = Debug|Any CPU
		Debug|x64 = Debug|x64
		Debug|x86 = Debug|x86
		Release|Any CPU = Release|Any CPU
		Release|x64 = Release|x64
		Release|x86 = Release|x86
	EndGlobalSection
	GlobalSection(ProjectConfigurationPlatforms) = postSolution
		{34EAF777-984E-4A8A-B7FD-086D2803FDB9}.Debug|Any CPU.ActiveCfg = Debug|Any CPU
		{34EAF777-984E-4A8A-B7FD-086D2803FDB9}.Debug|Any CPU.Build.0 = Debug|Any CPU
		{34EAF777-984E-4A8A-B7FD-086D2803FDB9}.Debug|x64.ActiveCfg = Debug|Any CPU
		{34EAF777-984E-4A8A-B7FD-086D2803FDB9}.Debug|x64.Build.0 = Debug|Any CPU
		{34EAF777-984E-4A8A-B7FD-086D2803FDB9}.Debug|x86.ActiveCfg = Debug|Any CPU
		{34EAF777-984E-4A8A-B7FD-086D2803FDB9}.Debug|x86.Build.0 = Debug|Any CPU
		{34EAF777-984E-4A8A-B7FD-086D2803FDB9}.Release|Any CPU.ActiveCfg = Release|Any CPU
		{34EAF777-984E-4A8A-B7FD-086D2803FDB9}.Release|Any CPU.Build.0 = Release|Any CPU
		{34EAF777-984E-4A8A-B7FD-086D2803FDB9}.Release|x64.ActiveCfg = Release|Any CPU
		{34EAF777-984E-4A8A-B7FD-086D2803FDB9}.Release|x64.Build.0 = Release|Any CPU
		{34EAF777-984E-4A8A-B7FD-086D2803FDB9}.Release|x86.ActiveCfg = Release|Any CPU
		{34EAF777-984E-4A8A-B7FD-086D2803FDB9}.Release|x86.Build.0 = Release|Any CPU
		{6622C34E-B670-4FAF-8319-472E1CB73430}.Debug|Any CPU.ActiveCfg = Debug|Any CPU
		{6622C34E-B670-4FAF-8319-472E1CB73430}.Debug|Any CPU.Build.0 = Debug|Any CPU
		{6622C34E-B670-4FAF-8319-472E1CB73430}.Debug|x64.ActiveCfg = Debug|Any CPU
		{6622C34E-B670-4FAF-8319-472E1CB73430}.Debug|x64.Build.0 = Debug|Any CPU
		{6622C34E-B670-4FAF-8319-472E1CB73430}.Debug|x86.ActiveCfg = Debug|Any CPU
		{6622C34E-B670-4FAF-8319-472E1CB73430}.Debug|x86.Build.0 = Debug|Any CPU
		{6622C34E-B670-4FAF-8319-472E1CB73430}.Release|Any CPU.ActiveCfg = Release|Any CPU
		{6622C34E-B670-4FAF-8319-472E1CB73430}.Release|Any CPU.Build.0 = Release|Any CPU
		{6622C34E-B670-4FAF-8319-472E1CB73430}.Release|x64.ActiveCfg = Release|Any CPU
		{6622C34E-B670-4FAF-8319-472E1CB73430}.Release|x64.Build.0 = Release|Any CPU
		{6622C34E-B670-4FAF-8319-472E1CB73430}.Release|x86.ActiveCfg = Release|Any CPU
		{6622C34E-B670-4FAF-8319-472E1CB73430}.Release|x86.Build.0 = Release|Any CPU
		{9BAD2A8F-8459-4795-B535-971AA8FBA1EC}.Debug|Any CPU.ActiveCfg = Debug|Any CPU
		{9BAD2A8F-8459-4795-B535-971AA8FBA1EC}.Debug|Any CPU.Build.0 = Debug|Any CPU
		{9BAD2A8F-8459-4795-B535-971AA8FBA1EC}.Debug|x64.ActiveCfg = Debug|Any CPU
		{9BAD2A8F-8459-4795-B535-971AA8FBA1EC}.Debug|x64.Build.0 = Debug|Any CPU
		{9BAD2A8F-8459-4795-B535-971AA8FBA1EC}.Debug|x86.ActiveCfg = Debug|Any CPU
		{9BAD2A8F-8459-4795-B535-971AA8FBA1EC}.Debug|x86.Build.0 = Debug|Any CPU
		{9BAD2A8F-8459-4795-B535-971AA8FBA1EC}.Release|Any CPU.ActiveCfg = Release|Any CPU
		{9BAD2A8F-8459-4795-B535-971AA8FBA1EC}.Release|Any CPU.Build.0 = Release|Any CPU
		{9BAD2A8F-8459-4795-B535-971AA8FBA1EC}.Release|x64.ActiveCfg = Release|Any CPU
		{9BAD2A8F-8459-4795-B535-971AA8FBA1EC}.Release|x64.Build.0 = Release|Any CPU
		{9BAD2A8F-8459-4795-B535-971AA8FBA1EC}.Release|x86.ActiveCfg = Release|Any CPU
		{9BAD2A8F-8459-4795-B535-971AA8FBA1EC}.Release|x86.Build.0 = Release|Any CPU
		{73558270-1F1E-406B-B063-9898672E63F9}.Debug|Any CPU.ActiveCfg = Debug|Any CPU
		{73558270-1F1E-406B-B063-9898672E63F9}.Debug|Any CPU.Build.0 = Debug|Any CPU
		{73558270-1F1E-406B-B063-9898672E63F9}.Debug|x64.ActiveCfg = Debug|Any CPU
		{73558270-1F1E-406B-B063-9898672E63F9}.Debug|x64.Build.0 = Debug|Any CPU
		{73558270-1F1E-406B-B063-9898672E63F9}.Debug|x86.ActiveCfg = Debug|Any CPU
		{73558270-1F1E-406B-B063-9898672E63F9}.Debug|x86.Build.0 = Debug|Any CPU
		{73558270-1F1E-406B-B063-9898672E63F9}.Release|Any CPU.ActiveCfg = Release|Any CPU
		{73558270-1F1E-406B-B063-9898672E63F9}.Release|Any CPU.Build.0 = Release|Any CPU
		{73558270-1F1E-406B-B063-9898672E63F9}.Release|x64.ActiveCfg = Release|Any CPU
		{73558270-1F1E-406B-B063-9898672E63F9}.Release|x64.Build.0 = Release|Any CPU
		{73558270-1F1E-406B-B063-9898672E63F9}.Release|x86.ActiveCfg = Release|Any CPU
		{73558270-1F1E-406B-B063-9898672E63F9}.Release|x86.Build.0 = Release|Any CPU
	EndGlobalSection
	GlobalSection(SolutionProperties) = preSolution
		HideSolutionNode = FALSE
	EndGlobalSection
EndGlobal
